
Microsoft Visual Studio Solution File, Format Version 12.00
# Visual Studio Version 17
VisualStudioVersion = 17.1.32113.165
MinimumVisualStudioVersion = 10.0.40219.1
Project("{FAE04EC0-301F-11D3-BF4B-00C04F79EFBC}") = "OnePunchDbContext", "backend\OnePunchDbContext\OnePunchDbContext.csproj", "{36B42569-6B1F-4468-996A-B3D05465F8A2}"
EndProject
Project("{9A19103F-16F7-4668-BE54-9A1E7A4F7556}") = "OnePunchApi", "backend\OnePunchApi\OnePunchApi.csproj", "{D8539EA8-79BB-4E38-A8D0-618CABDBE251}"
EndProject
Global
	GlobalSection(SolutionConfigurationPlatforms) = preSolution
		Debug|Any CPU = Debug|Any CPU
		Release|Any CPU = Release|Any CPU
	EndGlobalSection
	GlobalSection(ProjectConfigurationPlatforms) = postSolution
		{36B42569-6B1F-4468-996A-B3D05465F8A2}.Debug|Any CPU.ActiveCfg = Debug|Any CPU
		{36B42569-6B1F-4468-996A-B3D05465F8A2}.Debug|Any CPU.Build.0 = Debug|Any CPU
		{36B42569-6B1F-4468-996A-B3D05465F8A2}.Release|Any CPU.ActiveCfg = Release|Any CPU
		{36B42569-6B1F-4468-996A-B3D05465F8A2}.Release|Any CPU.Build.0 = Release|Any CPU
		{D8539EA8-79BB-4E38-A8D0-618CABDBE251}.Debug|Any CPU.ActiveCfg = Debug|Any CPU
		{D8539EA8-79BB-4E38-A8D0-618CABDBE251}.Debug|Any CPU.Build.0 = Debug|Any CPU
		{D8539EA8-79BB-4E38-A8D0-618CABDBE251}.Release|Any CPU.ActiveCfg = Release|Any CPU
		{D8539EA8-79BB-4E38-A8D0-618CABDBE251}.Release|Any CPU.Build.0 = Release|Any CPU
	EndGlobalSection
	GlobalSection(SolutionProperties) = preSolution
		HideSolutionNode = FALSE
	EndGlobalSection
	GlobalSection(ExtensibilityGlobals) = postSolution
		SolutionGuid = {4DFA0BD4-5B38-4710-8D96-13E824D0834B}
	EndGlobalSection
EndGlobal
